{
  "version": "3",
  "packages": {
    "specifiers": {
      "npm:mobx-keystone@^1.10.2": "npm:mobx-keystone@1.10.2_mobx@6.13.1",
      "npm:mobx-state-tree@^6.0.1": "npm:mobx-state-tree@6.0.1_mobx@6.13.1"
    },
    "npm": {
      "fast-deep-equal@3.1.3": {
        "integrity": "sha512-f3qQ9oQy9j2AhBe/H9VC91wLmKBCCU/gDOnKNAYG5hswO7BLKj09Hc5HYNz9cGI++xlpDCIgDaitVs03ATR84Q==",
        "dependencies": {}
      },
      "mobx-keystone@1.10.2_mobx@6.13.1": {
        "integrity": "sha512-UjvTITj3s/vBgbBu/G6BS+bdKvQACOvZ8YgE9Msmb3QqRbCIApCatoDuWwFepnvZG8BzKyqwGUc6WCpfT0hfQQ==",
        "dependencies": {
          "fast-deep-equal": "fast-deep-equal@3.1.3",
          "mobx": "mobx@6.13.1",
          "nanoid": "nanoid@3.3.7",
          "ts-toolbelt": "ts-toolbelt@9.6.0",
          "tslib": "tslib@2.6.3"
        }
      },
      "mobx-state-tree@6.0.1_mobx@6.13.1": {
        "integrity": "sha512-ZmC90+aaZj4Tvwz/G8kihAcZzejiHfkaIrwyneH7ACoZwWY2Gw5SP1mPPPQbVehsXJ8/OhDT4cPUvvzy//+Qog==",
        "dependencies": {
          "mobx": "mobx@6.13.1"
        }
      },
      "mobx@6.13.1": {
        "integrity": "sha512-ekLRxgjWJr8hVxj9ZKuClPwM/iHckx3euIJ3Np7zLVNtqJvfbbq7l370W/98C8EabdQ1pB5Jd3BbDWxJPNnaOg==",
        "dependencies": {}
      },
      "nanoid@3.3.7": {
        "integrity": "sha512-eSRppjcPIatRIMC1U6UngP8XFcz8MQWGQdt1MTBQ7NaAmvXDfvNxbvWV3x2y6CdEUciCSsDHDQZbhYaB8QEo2g==",
        "dependencies": {}
      },
      "ts-toolbelt@9.6.0": {
        "integrity": "sha512-nsZd8ZeNUzukXPlJmTBwUAuABDe/9qtVDelJeT/qW0ow3ZS3BsQJtNkan1802aM9Uf68/Y8ljw86Hu0h5IUW3w==",
        "dependencies": {}
      },
      "tslib@2.6.3": {
        "integrity": "sha512-xNvxJEOUiWPGhUuUdQgAJPKOOJfGnIyKySOc09XkKsgdUV/3E2zvwZYdejjmRgPCgcym1juLH3226yA7sEFJKQ==",
        "dependencies": {}
      }
    }
  },
  "remote": {},
  "workspace": {
    "dependencies": [
      "npm:mobx-keystone@^1.10.2",
      "npm:mobx-state-tree@^6.0.1"
    ]
  }
}
